// !$*UTF8*$!
{
	archiveVersion = 1;
	classes = {
	};
	objectVersion = 56;
	objects = {

/* Begin PBXBuildFile section */
		8E0010010000000000000001 /* SpritesGOApp.swift in Sources */ = {isa = PBXBuildFile; fileRef = 8E0011010000000000000001 /* SpritesGOApp.swift */; };
		8E0010020000000000000001 /* Models.swift in Sources */ = {isa = PBXBuildFile; fileRef = 8E0011020000000000000001 /* Models.swift */; };
		8E0010030000000000000001 /* GameStore.swift in Sources */ = {isa = PBXBuildFile; fileRef = 8E0011030000000000000001 /* GameStore.swift */; };
		8E0010040000000000000001 /* SpriteCatalog.swift in Sources */ = {isa = PBXBuildFile; fileRef = 8E0011040000000000000001 /* SpriteCatalog.swift */; };
		8E0010050000000000000001 /* Theme.swift in Sources */ = {isa = PBXBuildFile; fileRef = 8E0011050000000000000001 /* Theme.swift */; };
		8E0010060000000000000001 /* SpriteArtView.swift in Sources */ = {isa = PBXBuildFile; fileRef = 8E0011060000000000000001 /* SpriteArtView.swift */; };
		8E0010070000000000000001 /* ContentView.swift in Sources */ = {isa = PBXBuildFile; fileRef = 8E0011070000000000000001 /* ContentView.swift */; };
		8E0010080000000000000001 /* HomeView.swift in Sources */ = {isa = PBXBuildFile; fileRef = 8E0011080000000000000001 /* HomeView.swift */; };
		8E0010090000000000000001 /* SettingsView.swift in Sources */ = {isa = PBXBuildFile; fileRef = 8E0011090000000000000001 /* SettingsView.swift */; };
		8E00100A0000000000000001 /* BackpackView.swift in Sources */ = {isa = PBXBuildFile; fileRef = 8E00110A0000000000000001 /* BackpackView.swift */; };
		8E00100B0000000000000001 /* ShopView.swift in Sources */ = {isa = PBXBuildFile; fileRef = 8E00110B0000000000000001 /* ShopView.swift */; };
		8E00100C0000000000000001 /* SalonView.swift in Sources */ = {isa = PBXBuildFile; fileRef = 8E00110C0000000000000001 /* SalonView.swift */; };
		8E00100D0000000000000001 /* ARCameraView.swift in Sources */ = {isa = PBXBuildFile; fileRef = 8E00110D0000000000000001 /* ARCameraView.swift */; };
		8E00100E0000000000000001 /* SpriteImages in Resources */ = {isa = PBXBuildFile; fileRef = 8E0011100000000000000001 /* SpriteImages */; };
		8E00100F0000000000000001 /* AudioManager.swift in Sources */ = {isa = PBXBuildFile; fileRef = 8E0011110000000000000001 /* AudioManager.swift */; };
		8E0010100000000000000001 /* Audio in Resources */ = {isa = PBXBuildFile; fileRef = 8E0011120000000000000001 /* Audio */; };
		8E0010110000000000000001 /* Assets.xcassets in Resources */ = {isa = PBXBuildFile; fileRef = 8E0011130000000000000001 /* Assets.xcassets */; };
/* End PBXBuildFile section */

/* Begin PBXFileReference section */
		8E0011010000000000000001 /* SpritesGOApp.swift */ = {isa = PBXFileReference; lastKnownFileType = sourcecode.swift; path = SpritesGOApp.swift; sourceTree = "<group>"; };
		8E0011020000000000000001 /* Models.swift */ = {isa = PBXFileReference; lastKnownFileType = sourcecode.swift; path = Models.swift; sourceTree = "<group>"; };
		8E0011030000000000000001 /* GameStore.swift */ = {isa = PBXFileReference; lastKnownFileType = sourcecode.swift; path = GameStore.swift; sourceTree = "<group>"; };
		8E0011040000000000000001 /* SpriteCatalog.swift */ = {isa = PBXFileReference; lastKnownFileType = sourcecode.swift; path = SpriteCatalog.swift; sourceTree = "<group>"; };
		8E0011050000000000000001 /* Theme.swift */ = {isa = PBXFileReference; lastKnownFileType = sourcecode.swift; path = Theme.swift; sourceTree = "<group>"; };
		8E0011060000000000000001 /* SpriteArtView.swift */ = {isa = PBXFileReference; lastKnownFileType = sourcecode.swift; path = SpriteArtView.swift; sourceTree = "<group>"; };
		8E0011070000000000000001 /* ContentView.swift */ = {isa = PBXFileReference; lastKnownFileType = sourcecode.swift; path = ContentView.swift; sourceTree = "<group>"; };
		8E0011080000000000000001 /* HomeView.swift */ = {isa = PBXFileReference; lastKnownFileType = sourcecode.swift; path = HomeView.swift; sourceTree = "<group>"; };
		8E0011090000000000000001 /* SettingsView.swift */ = {isa = PBXFileReference; lastKnownFileType = sourcecode.swift; path = SettingsView.swift; sourceTree = "<group>"; };
		8E00110A0000000000000001 /* BackpackView.swift */ = {isa = PBXFileReference; lastKnownFileType = sourcecode.swift; path = BackpackView.swift; sourceTree = "<group>"; };
		8E00110B0000000000000001 /* ShopView.swift */ = {isa = PBXFileReference; lastKnownFileType = sourcecode.swift; path = ShopView.swift; sourceTree = "<group>"; };
		8E00110C0000000000000001 /* SalonView.swift */ = {isa = PBXFileReference; lastKnownFileType = sourcecode.swift; path = SalonView.swift; sourceTree = "<group>"; };
		8E00110D0000000000000001 /* ARCameraView.swift */ = {isa = PBXFileReference; lastKnownFileType = sourcecode.swift; path = ARCameraView.swift; sourceTree = "<group>"; };
		8E00110E0000000000000001 /* Info.plist */ = {isa = PBXFileReference; lastKnownFileType = text.plist.xml; path = Info.plist; sourceTree = "<group>"; };
		8E00110F0000000000000001 /* SpritesGO.app */ = {isa = PBXFileReference; explicitFileType = wrapper.application; includeInIndex = 0; path = SpritesGO.app; sourceTree = BUILT_PRODUCTS_DIR; };
		8E0011100000000000000001 /* SpriteImages */ = {isa = PBXFileReference; lastKnownFileType = folder; path = SpriteImages; sourceTree = "<group>"; };
		8E0011110000000000000001 /* AudioManager.swift */ = {isa = PBXFileReference; lastKnownFileType = sourcecode.swift; path = AudioManager.swift; sourceTree = "<group>"; };
		8E0011120000000000000001 /* Audio */ = {isa = PBXFileReference; lastKnownFileType = folder; path = Audio; sourceTree = "<group>"; };
		8E0011130000000000000001 /* Assets.xcassets */ = {isa = PBXFileReference; lastKnownFileType = folder.assetcatalog; path = Assets.xcassets; sourceTree = "<group>"; };
/* End PBXFileReference section */

/* Begin PBXFrameworksBuildPhase section */
		8E0012010000000000000001 /* Frameworks */ = {
			isa = PBXFrameworksBuildPhase;
			buildActionMask = 2147483647;
			files = (
			);
			runOnlyForDeploymentPostprocessing = 0;
		};
/* End PBXFrameworksBuildPhase section */

/* Begin PBXGroup section */
		8E0013010000000000000001 = {
			isa = PBXGroup;
			children = (
				8E0013020000000000000001 /* SpritesGO */,
				8E0013030000000000000001 /* Products */,
			);
			sourceTree = "<group>";
		};
		8E0013020000000000000001 /* SpritesGO */ = {
			isa = PBXGroup;
			children = (
				8E0011010000000000000001 /* SpritesGOApp.swift */,
				8E0011070000000000000001 /* ContentView.swift */,
				8E0011080000000000000001 /* HomeView.swift */,
				8E0011090000000000000001 /* SettingsView.swift */,
				8E00110A0000000000000001 /* BackpackView.swift */,
				8E00110B0000000000000001 /* ShopView.swift */,
				8E00110C0000000000000001 /* SalonView.swift */,
				8E00110D0000000000000001 /* ARCameraView.swift */,
				8E0011030000000000000001 /* GameStore.swift */,
				8E0011020000000000000001 /* Models.swift */,
				8E0011040000000000000001 /* SpriteCatalog.swift */,
				8E0011050000000000000001 /* Theme.swift */,
				8E0011110000000000000001 /* AudioManager.swift */,
				8E0011060000000000000001 /* SpriteArtView.swift */,
				8E0011130000000000000001 /* Assets.xcassets */,
				8E0011100000000000000001 /* SpriteImages */,
				8E0011120000000000000001 /* Audio */,
				8E00110E0000000000000001 /* Info.plist */,
			);
			path = SpritesGO;
			sourceTree = "<group>";
		};
		8E0013030000000000000001 /* Products */ = {
			isa = PBXGroup;
			children = (
				8E00110F0000000000000001 /* SpritesGO.app */,
			);
			name = Products;
			sourceTree = "<group>";
		};
/* End PBXGroup section */

/* Begin PBXNativeTarget section */
		8E0014010000000000000001 /* SpritesGO */ = {
			isa = PBXNativeTarget;
			buildConfigurationList = 8E0018010000000000000001 /* Build configuration list for PBXNativeTarget "SpritesGO" */;
			buildPhases = (
				8E0015010000000000000001 /* Sources */,
				8E0012010000000000000001 /* Frameworks */,
				8E0015020000000000000001 /* Resources */,
			);
			buildRules = (
			);
			dependencies = (
			);
			name = SpritesGO;
			productName = SpritesGO;
			productReference = 8E00110F0000000000000001 /* SpritesGO.app */;
			productType = "com.apple.product-type.application";
		};
/* End PBXNativeTarget section */

/* Begin PBXProject section */
		8E0016010000000000000001 /* Project object */ = {
			isa = PBXProject;
			attributes = {
				BuildIndependentTargetsInParallel = 1;
				LastSwiftUpdateCheck = 1600;
				LastUpgradeCheck = 1600;
				TargetAttributes = {
					8E0014010000000000000001 = {
						CreatedOnToolsVersion = 16.0;
					};
				};
			};
			buildConfigurationList = 8E0017010000000000000001 /* Build configuration list for PBXProject "SpritesGO" */;
			compatibilityVersion = "Xcode 14.0";
			developmentRegion = en;
			hasScannedForEncodings = 0;
			knownRegions = (
				en,
				Base,
			);
			mainGroup = 8E0013010000000000000001;
			productRefGroup = 8E0013030000000000000001 /* Products */;
			projectDirPath = "";
			projectRoot = "";
			targets = (
				8E0014010000000000000001 /* SpritesGO */,
			);
		};
/* End PBXProject section */

/* Begin PBXResourcesBuildPhase section */
		8E0015020000000000000001 /* Resources */ = {
			isa = PBXResourcesBuildPhase;
			buildActionMask = 2147483647;
			files = (
				8E0010110000000000000001 /* Assets.xcassets in Resources */,
				8E00100E0000000000000001 /* SpriteImages in Resources */,
				8E0010100000000000000001 /* Audio in Resources */,
			);
			runOnlyForDeploymentPostprocessing = 0;
		};
/* End PBXResourcesBuildPhase section */

/* Begin PBXSourcesBuildPhase section */
		8E0015010000000000000001 /* Sources */ = {
			isa = PBXSourcesBuildPhase;
			buildActionMask = 2147483647;
			files = (
				8E0010010000000000000001 /* SpritesGOApp.swift in Sources */,
				8E0010020000000000000001 /* Models.swift in Sources */,
				8E0010030000000000000001 /* GameStore.swift in Sources */,
				8E0010040000000000000001 /* SpriteCatalog.swift in Sources */,
				8E0010050000000000000001 /* Theme.swift in Sources */,
				8E0010060000000000000001 /* SpriteArtView.swift in Sources */,
				8E0010070000000000000001 /* ContentView.swift in Sources */,
				8E0010080000000000000001 /* HomeView.swift in Sources */,
				8E0010090000000000000001 /* SettingsView.swift in Sources */,
				8E00100A0000000000000001 /* BackpackView.swift in Sources */,
				8E00100B0000000000000001 /* ShopView.swift in Sources */,
				8E00100C0000000000000001 /* SalonView.swift in Sources */,
				8E00100D0000000000000001 /* ARCameraView.swift in Sources */,
				8E00100F0000000000000001 /* AudioManager.swift in Sources */,
			);
			runOnlyForDeploymentPostprocessing = 0;
		};
/* End PBXSourcesBuildPhase section */

/* Begin XCBuildConfiguration section */
		8E0019010000000000000001 /* Debug */ = {
			isa = XCBuildConfiguration;
			buildSettings = {
				ALWAYS_SEARCH_USER_PATHS = NO;
				CLANG_ENABLE_MODULES = YES;
				COPY_PHASE_STRIP = NO;
				DEBUG_INFORMATION_FORMAT = dwarf;
				ENABLE_STRICT_OBJC_MSGSEND = YES;
				GCC_C_LANGUAGE_STANDARD = gnu17;
				GCC_DYNAMIC_NO_PIC = NO;
				GCC_OPTIMIZATION_LEVEL = 0;
				GCC_PREPROCESSOR_DEFINITIONS = (
					"DEBUG=1",
					"$(inherited)",
				);
				IPHONEOS_DEPLOYMENT_TARGET = 17.0;
				MTL_ENABLE_DEBUG_INFO = INCLUDE_SOURCE;
				ONLY_ACTIVE_ARCH = YES;
				SDKROOT = iphoneos;
				SWIFT_ACTIVE_COMPILATION_CONDITIONS = DEBUG;
				SWIFT_OPTIMIZATION_LEVEL = "-Onone";
			};
			name = Debug;
		};
		8E0019020000000000000001 /* Release */ = {
			isa = XCBuildConfiguration;
			buildSettings = {
				ALWAYS_SEARCH_USER_PATHS = NO;
				CLANG_ENABLE_MODULES = YES;
				COPY_PHASE_STRIP = NO;
				DEBUG_INFORMATION_FORMAT = "dwarf-with-dsym";
				ENABLE_NS_ASSERTIONS = NO;
				ENABLE_STRICT_OBJC_MSGSEND = YES;
				GCC_C_LANGUAGE_STANDARD = gnu17;
				IPHONEOS_DEPLOYMENT_TARGET = 17.0;
				MTL_ENABLE_DEBUG_INFO = NO;
				SDKROOT = iphoneos;
				SWIFT_COMPILATION_MODE = wholemodule;
				SWIFT_OPTIMIZATION_LEVEL = "-O";
			};
			name = Release;
		};
		8E0019030000000000000001 /* Debug */ = {
			isa = XCBuildConfiguration;
			buildSettings = {
				ASSETCATALOG_COMPILER_APPICON_NAME = AppIcon;
				CODE_SIGN_STYLE = Automatic;
				DEVELOPMENT_TEAM = K7GWAFBUHV;
				GENERATE_INFOPLIST_FILE = NO;
				INFOPLIST_FILE = SpritesGO/Info.plist;
				IPHONEOS_DEPLOYMENT_TARGET = 17.0;
				PRODUCT_BUNDLE_IDENTIFIER = com.example.SpritesGO;
				PRODUCT_NAME = "$(TARGET_NAME)";
				SUPPORTED_PLATFORMS = "iphoneos iphonesimulator";
				SUPPORTS_MACCATALYST = NO;
				SUPPORTS_MAC_DESIGNED_FOR_IPHONE_IPAD = NO;
				SWIFT_EMIT_LOC_STRINGS = YES;
				SWIFT_VERSION = 5.0;
				TARGETED_DEVICE_FAMILY = 1;
			};
			name = Debug;
		};
		8E0019040000000000000001 /* Release */ = {
			isa = XCBuildConfiguration;
			buildSettings = {
				ASSETCATALOG_COMPILER_APPICON_NAME = AppIcon;
				CODE_SIGN_STYLE = Automatic;
				DEVELOPMENT_TEAM = K7GWAFBUHV;
				GENERATE_INFOPLIST_FILE = NO;
				INFOPLIST_FILE = SpritesGO/Info.plist;
				IPHONEOS_DEPLOYMENT_TARGET = 17.0;
				PRODUCT_BUNDLE_IDENTIFIER = com.example.SpritesGO;
				PRODUCT_NAME = "$(TARGET_NAME)";
				SUPPORTED_PLATFORMS = "iphoneos iphonesimulator";
				SUPPORTS_MACCATALYST = NO;
				SUPPORTS_MAC_DESIGNED_FOR_IPHONE_IPAD = NO;
				SWIFT_EMIT_LOC_STRINGS = YES;
				SWIFT_VERSION = 5.0;
				TARGETED_DEVICE_FAMILY = 1;
			};
			name = Release;
		};
/* End XCBuildConfiguration section */

/* Begin XCConfigurationList section */
		8E0017010000000000000001 /* Build configuration list for PBXProject "SpritesGO" */ = {
			isa = XCConfigurationList;
			buildConfigurations = (
				8E0019010000000000000001 /* Debug */,
				8E0019020000000000000001 /* Release */,
			);
			defaultConfigurationIsVisible = 0;
			defaultConfigurationName = Release;
		};
		8E0018010000000000000001 /* Build configuration list for PBXNativeTarget "SpritesGO" */ = {
			isa = XCConfigurationList;
			buildConfigurations = (
				8E0019030000000000000001 /* Debug */,
				8E0019040000000000000001 /* Release */,
			);
			defaultConfigurationIsVisible = 0;
			defaultConfigurationName = Release;
		};
/* End XCConfigurationList section */
	};
	rootObject = 8E0016010000000000000001 /* Project object */;
}
